
Microsoft Visual Studio Solution File, Format Version 12.00
# Visual Studio Version 17
VisualStudioVersion = 17.1.32210.238
MinimumVisualStudioVersion = 10.0.40219.1
Project("{FAE04EC0-301F-11D3-BF4B-00C04F79EFBC}") = "NorthWind_API", "NorthWind_API\NorthWind_API.csproj", "{C9ED1C36-5986-49BC-B6B9-45A85BB45DFE}"
EndProject
Global
	GlobalSection(SolutionConfigurationPlatforms) = preSolution
		Debug|Any CPU = Debug|Any CPU
		Release|Any CPU = Release|Any CPU
	EndGlobalSection
	GlobalSection(ProjectConfigurationPlatforms) = postSolution
		{C9ED1C36-5986-49BC-B6B9-45A85BB45DFE}.Debug|Any CPU.ActiveCfg = Debug|Any CPU
		{C9ED1C36-5986-49BC-B6B9-45A85BB45DFE}.Debug|Any CPU.Build.0 = Debug|Any CPU
		{C9ED1C36-5986-49BC-B6B9-45A85BB45DFE}.Release|Any CPU.ActiveCfg = Release|Any CPU
		{C9ED1C36-5986-49BC-B6B9-45A85BB45DFE}.Release|Any CPU.Build.0 = Release|Any CPU
	EndGlobalSection
	GlobalSection(SolutionProperties) = preSolution
		HideSolutionNode = FALSE
	EndGlobalSection
	GlobalSection(ExtensibilityGlobals) = postSolution
		SolutionGuid = {79CBA88F-658B-49A8-A7C5-F0D848B45E4A}
	EndGlobalSection
EndGlobal
