
Microsoft Visual Studio Solution File, Format Version 12.00
# Visual Studio Version 17
VisualStudioVersion = 17.1.32210.238
MinimumVisualStudioVersion = 10.0.40219.1
Project("{FAE04EC0-301F-11D3-BF4B-00C04F79EFBC}") = "CA_ArabaBuilder", "CA_ArabaBuilder\CA_ArabaBuilder.csproj", "{40C6ECC5-70E1-4B5F-A608-8A57AD780628}"
EndProject
Global
	GlobalSection(SolutionConfigurationPlatforms) = preSolution
		Debug|Any CPU = Debug|Any CPU
		Release|Any CPU = Release|Any CPU
	EndGlobalSection
	GlobalSection(ProjectConfigurationPlatforms) = postSolution
		{40C6ECC5-70E1-4B5F-A608-8A57AD780628}.Debug|Any CPU.ActiveCfg = Debug|Any CPU
		{40C6ECC5-70E1-4B5F-A608-8A57AD780628}.Debug|Any CPU.Build.0 = Debug|Any CPU
		{40C6ECC5-70E1-4B5F-A608-8A57AD780628}.Release|Any CPU.ActiveCfg = Release|Any CPU
		{40C6ECC5-70E1-4B5F-A608-8A57AD780628}.Release|Any CPU.Build.0 = Release|Any CPU
	EndGlobalSection
	GlobalSection(SolutionProperties) = preSolution
		HideSolutionNode = FALSE
	EndGlobalSection
	GlobalSection(ExtensibilityGlobals) = postSolution
		SolutionGuid = {FA5033E5-F1A9-4253-9D91-17B61F557DB1}
	EndGlobalSection
EndGlobal
