
Microsoft Visual Studio Solution File, Format Version 12.00
# Visual Studio Version 17
VisualStudioVersion = 17.1.32210.238
MinimumVisualStudioVersion = 10.0.40219.1
Project("{FAE04EC0-301F-11D3-BF4B-00C04F79EFBC}") = "DataAccess", "DataAccess\DataAccess.csproj", "{3446552D-D6E4-41AE-8064-D947C36AD99B}"
EndProject
Project("{FAE04EC0-301F-11D3-BF4B-00C04F79EFBC}") = "BLL", "BLL\BLL.csproj", "{810CF860-6D8B-4E9E-B04C-7CEE57FBDA81}"
EndProject
Project("{FAE04EC0-301F-11D3-BF4B-00C04F79EFBC}") = "UI_Hamburger", "UI_Hamburger\UI_Hamburger.csproj", "{41EA190F-A0F2-462E-BF4E-34392194A234}"
EndProject
Global
	GlobalSection(SolutionConfigurationPlatforms) = preSolution
		Debug|Any CPU = Debug|Any CPU
		Release|Any CPU = Release|Any CPU
	EndGlobalSection
	GlobalSection(ProjectConfigurationPlatforms) = postSolution
		{3446552D-D6E4-41AE-8064-D947C36AD99B}.Debug|Any CPU.ActiveCfg = Debug|Any CPU
		{3446552D-D6E4-41AE-8064-D947C36AD99B}.Debug|Any CPU.Build.0 = Debug|Any CPU
		{3446552D-D6E4-41AE-8064-D947C36AD99B}.Release|Any CPU.ActiveCfg = Release|Any CPU
		{3446552D-D6E4-41AE-8064-D947C36AD99B}.Release|Any CPU.Build.0 = Release|Any CPU
		{810CF860-6D8B-4E9E-B04C-7CEE57FBDA81}.Debug|Any CPU.ActiveCfg = Debug|Any CPU
		{810CF860-6D8B-4E9E-B04C-7CEE57FBDA81}.Debug|Any CPU.Build.0 = Debug|Any CPU
		{810CF860-6D8B-4E9E-B04C-7CEE57FBDA81}.Release|Any CPU.ActiveCfg = Release|Any CPU
		{810CF860-6D8B-4E9E-B04C-7CEE57FBDA81}.Release|Any CPU.Build.0 = Release|Any CPU
		{41EA190F-A0F2-462E-BF4E-34392194A234}.Debug|Any CPU.ActiveCfg = Debug|Any CPU
		{41EA190F-A0F2-462E-BF4E-34392194A234}.Debug|Any CPU.Build.0 = Debug|Any CPU
		{41EA190F-A0F2-462E-BF4E-34392194A234}.Release|Any CPU.ActiveCfg = Release|Any CPU
		{41EA190F-A0F2-462E-BF4E-34392194A234}.Release|Any CPU.Build.0 = Release|Any CPU
	EndGlobalSection
	GlobalSection(SolutionProperties) = preSolution
		HideSolutionNode = FALSE
	EndGlobalSection
	GlobalSection(ExtensibilityGlobals) = postSolution
		SolutionGuid = {6CB9889C-A81B-4690-8C83-D3CF37F64781}
	EndGlobalSection
EndGlobal
