
Microsoft Visual Studio Solution File, Format Version 12.00
# Visual Studio Version 17
VisualStudioVersion = 17.1.32210.238
MinimumVisualStudioVersion = 10.0.40219.1
Project("{2150E333-8FDC-42A3-9474-1A3956D46DE8}") = "Solution Items", "Solution Items", "{D5D0FD5C-2CCB-4C5A-9998-78157D7F71C5}"
	ProjectSection(SolutionItems) = preProject
		northwind_e-commerce.html = northwind_e-commerce.html
		products.html = products.html
		suppliers.html = suppliers.html
	EndProjectSection
EndProject
Global
	GlobalSection(SolutionProperties) = preSolution
		HideSolutionNode = FALSE
	EndGlobalSection
	GlobalSection(ExtensibilityGlobals) = postSolution
		SolutionGuid = {23D171C2-C152-4F5B-9F88-D60D1638E0BE}
	EndGlobalSection
EndGlobal
