
Microsoft Visual Studio Solution File, Format Version 12.00
# Visual Studio Version 17
VisualStudioVersion = 17.1.32210.238
MinimumVisualStudioVersion = 10.0.40219.1
Project("{FAE04EC0-301F-11D3-BF4B-00C04F79EFBC}") = "SRP_example", "SRP_example\SRP_example.csproj", "{A919EC34-F745-43A1-A99F-E1E64725DF4C}"
EndProject
Project("{FAE04EC0-301F-11D3-BF4B-00C04F79EFBC}") = "OCP_Example", "OCP_Example\OCP_Example.csproj", "{033C79ED-8334-4C95-B2EC-D7FF0DD91CB4}"
EndProject
Project("{FAE04EC0-301F-11D3-BF4B-00C04F79EFBC}") = "LSP_Example", "LSP_Example\LSP_Example.csproj", "{9975B6A1-6FEF-4DD2-92DB-CCC6C03D7961}"
EndProject
Project("{FAE04EC0-301F-11D3-BF4B-00C04F79EFBC}") = "ISP_Example", "ISP_Example\ISP_Example.csproj", "{B547E080-6135-4A80-AC42-365B6D592E26}"
EndProject
Global
	GlobalSection(SolutionConfigurationPlatforms) = preSolution
		Debug|Any CPU = Debug|Any CPU
		Release|Any CPU = Release|Any CPU
	EndGlobalSection
	GlobalSection(ProjectConfigurationPlatforms) = postSolution
		{A919EC34-F745-43A1-A99F-E1E64725DF4C}.Debug|Any CPU.ActiveCfg = Debug|Any CPU
		{A919EC34-F745-43A1-A99F-E1E64725DF4C}.Debug|Any CPU.Build.0 = Debug|Any CPU
		{A919EC34-F745-43A1-A99F-E1E64725DF4C}.Release|Any CPU.ActiveCfg = Release|Any CPU
		{A919EC34-F745-43A1-A99F-E1E64725DF4C}.Release|Any CPU.Build.0 = Release|Any CPU
		{033C79ED-8334-4C95-B2EC-D7FF0DD91CB4}.Debug|Any CPU.ActiveCfg = Debug|Any CPU
		{033C79ED-8334-4C95-B2EC-D7FF0DD91CB4}.Debug|Any CPU.Build.0 = Debug|Any CPU
		{033C79ED-8334-4C95-B2EC-D7FF0DD91CB4}.Release|Any CPU.ActiveCfg = Release|Any CPU
		{033C79ED-8334-4C95-B2EC-D7FF0DD91CB4}.Release|Any CPU.Build.0 = Release|Any CPU
		{9975B6A1-6FEF-4DD2-92DB-CCC6C03D7961}.Debug|Any CPU.ActiveCfg = Debug|Any CPU
		{9975B6A1-6FEF-4DD2-92DB-CCC6C03D7961}.Debug|Any CPU.Build.0 = Debug|Any CPU
		{9975B6A1-6FEF-4DD2-92DB-CCC6C03D7961}.Release|Any CPU.ActiveCfg = Release|Any CPU
		{9975B6A1-6FEF-4DD2-92DB-CCC6C03D7961}.Release|Any CPU.Build.0 = Release|Any CPU
		{B547E080-6135-4A80-AC42-365B6D592E26}.Debug|Any CPU.ActiveCfg = Debug|Any CPU
		{B547E080-6135-4A80-AC42-365B6D592E26}.Debug|Any CPU.Build.0 = Debug|Any CPU
		{B547E080-6135-4A80-AC42-365B6D592E26}.Release|Any CPU.ActiveCfg = Release|Any CPU
		{B547E080-6135-4A80-AC42-365B6D592E26}.Release|Any CPU.Build.0 = Release|Any CPU
	EndGlobalSection
	GlobalSection(SolutionProperties) = preSolution
		HideSolutionNode = FALSE
	EndGlobalSection
	GlobalSection(ExtensibilityGlobals) = postSolution
		SolutionGuid = {2D35504C-6BF8-49D0-BE4F-AA51E48F5BF1}
	EndGlobalSection
EndGlobal
