
Microsoft Visual Studio Solution File, Format Version 12.00
# Visual Studio Version 17
VisualStudioVersion = 17.1.32210.238
MinimumVisualStudioVersion = 10.0.40219.1
Project("{FAE04EC0-301F-11D3-BF4B-00C04F79EFBC}") = "northwind_ecommerce", "northwind_ecommerce\northwind_ecommerce.csproj", "{D9975B42-C1E3-49AB-9FBE-894D5CA86824}"
EndProject
Global
	GlobalSection(SolutionConfigurationPlatforms) = preSolution
		Debug|Any CPU = Debug|Any CPU
		Release|Any CPU = Release|Any CPU
	EndGlobalSection
	GlobalSection(ProjectConfigurationPlatforms) = postSolution
		{D9975B42-C1E3-49AB-9FBE-894D5CA86824}.Debug|Any CPU.ActiveCfg = Debug|Any CPU
		{D9975B42-C1E3-49AB-9FBE-894D5CA86824}.Debug|Any CPU.Build.0 = Debug|Any CPU
		{D9975B42-C1E3-49AB-9FBE-894D5CA86824}.Release|Any CPU.ActiveCfg = Release|Any CPU
		{D9975B42-C1E3-49AB-9FBE-894D5CA86824}.Release|Any CPU.Build.0 = Release|Any CPU
	EndGlobalSection
	GlobalSection(SolutionProperties) = preSolution
		HideSolutionNode = FALSE
	EndGlobalSection
	GlobalSection(ExtensibilityGlobals) = postSolution
		SolutionGuid = {2F9A6CFF-A7EA-49E3-A2D2-BCDE5D755B0C}
	EndGlobalSection
EndGlobal
